
Microsoft Visual Studio Solution File, Format Version 12.00
# Visual Studio Express 2012 for Web
Project("{2150E333-8FDC-42A3-9474-1A3956D46DE8}") = "Core", "Core", "{82936260-C074-48A1-BC10-6DFA4DA74FAC}"
EndProject
Project("{2150E333-8FDC-42A3-9474-1A3956D46DE8}") = "Infrastructure", "Infrastructure", "{E3559DF1-1C6C-4094-939A-906D67E86DE8}"
EndProject
Project("{2150E333-8FDC-42A3-9474-1A3956D46DE8}") = "Model", "Model", "{64177A83-2A49-42F0-8C5C-051AEB3DCECE}"
EndProject
Project("{2150E333-8FDC-42A3-9474-1A3956D46DE8}") = "Tests", "Tests", "{856E568D-E777-4514-A847-F870EC2E3E80}"
EndProject
Project("{FAE04EC0-301F-11D3-BF4B-00C04F79EFBC}") = "Core.Model", "Core.Model\Core.Model.csproj", "{BD60D0AA-42F1-43F1-97DD-D506022D9641}"
EndProject
Project("{FAE04EC0-301F-11D3-BF4B-00C04F79EFBC}") = "Infrastructure.Domain", "Infrastructure.Domain\Infrastructure.Domain.csproj", "{B8E5810B-209F-4C9A-8FA6-4E9E2D4A3703}"
EndProject
Project("{FAE04EC0-301F-11D3-BF4B-00C04F79EFBC}") = "Infrastructure.Container", "Infrastructure.Container\Infrastructure.Container.csproj", "{3C839E7C-9488-4351-8FB2-824B1AC5901A}"
EndProject
Project("{FAE04EC0-301F-11D3-BF4B-00C04F79EFBC}") = "Infrastructure.DataAccess", "Infrastructure.DataAccess\Infrastructure.DataAccess.csproj", "{A8A472B2-0147-4755-B78E-2C13FD2FA3DC}"
EndProject
Project("{2150E333-8FDC-42A3-9474-1A3956D46DE8}") = "Presentation", "Presentation", "{CD4E0B12-7578-4B45-BF31-A613F6DCA145}"
EndProject
Project("{FAE04EC0-301F-11D3-BF4B-00C04F79EFBC}") = "PurpleBricksDemo.Web", "PurpleBricksDemo.Web\PurpleBricksDemo.Web.csproj", "{8EDAA26D-5D6D-4C0C-8140-581F237D1FD5}"
EndProject
Project("{FAE04EC0-301F-11D3-BF4B-00C04F79EFBC}") = "Core.Users", "Core.Users\Core.Users.csproj", "{AB132D32-1A1E-4E0D-8DB2-267B9763DD5C}"
EndProject
Project("{FAE04EC0-301F-11D3-BF4B-00C04F79EFBC}") = "Core.Offers", "Core.Offers\Core.Offers.csproj", "{1CC003F6-42E2-4341-B5E7-3F199F13FC94}"
EndProject
Project("{FAE04EC0-301F-11D3-BF4B-00C04F79EFBC}") = "Core.Property", "Core.Property\Core.Property.csproj", "{E959E990-220F-4680-B842-5F7894D42597}"
EndProject
Project("{FAE04EC0-301F-11D3-BF4B-00C04F79EFBC}") = "Infrastructure.Security", "Infrastructure.Security\Infrastructure.Security.csproj", "{BD3C54BC-D163-4507-BD3D-37D1F1A1A193}"
EndProject
Project("{2150E333-8FDC-42A3-9474-1A3956D46DE8}") = ".nuget", ".nuget", "{56097817-076F-43E1-8A1E-7EB91B49FE15}"
	ProjectSection(SolutionItems) = preProject
		.nuget\NuGet.Config = .nuget\NuGet.Config
		.nuget\NuGet.exe = .nuget\NuGet.exe
		.nuget\NuGet.targets = .nuget\NuGet.targets
	EndProjectSection
EndProject
Project("{2150E333-8FDC-42A3-9474-1A3956D46DE8}") = "Tests", "Tests", "{8AB8B119-3735-4A6A-8E42-FBE732CC5D4A}"
EndProject
Project("{FAE04EC0-301F-11D3-BF4B-00C04F79EFBC}") = "Core.Offers.Tests", "Core.Offers.Tests\Core.Offers.Tests.csproj", "{98C47134-8074-4DD4-A0E0-CC6E8697EAF2}"
EndProject
Global
	GlobalSection(SolutionConfigurationPlatforms) = preSolution
		Debug|Any CPU = Debug|Any CPU
		Release|Any CPU = Release|Any CPU
	EndGlobalSection
	GlobalSection(ProjectConfigurationPlatforms) = postSolution
		{BD60D0AA-42F1-43F1-97DD-D506022D9641}.Debug|Any CPU.ActiveCfg = Debug|Any CPU
		{BD60D0AA-42F1-43F1-97DD-D506022D9641}.Debug|Any CPU.Build.0 = Debug|Any CPU
		{BD60D0AA-42F1-43F1-97DD-D506022D9641}.Release|Any CPU.ActiveCfg = Release|Any CPU
		{BD60D0AA-42F1-43F1-97DD-D506022D9641}.Release|Any CPU.Build.0 = Release|Any CPU
		{B8E5810B-209F-4C9A-8FA6-4E9E2D4A3703}.Debug|Any CPU.ActiveCfg = Debug|Any CPU
		{B8E5810B-209F-4C9A-8FA6-4E9E2D4A3703}.Debug|Any CPU.Build.0 = Debug|Any CPU
		{B8E5810B-209F-4C9A-8FA6-4E9E2D4A3703}.Release|Any CPU.ActiveCfg = Release|Any CPU
		{B8E5810B-209F-4C9A-8FA6-4E9E2D4A3703}.Release|Any CPU.Build.0 = Release|Any CPU
		{3C839E7C-9488-4351-8FB2-824B1AC5901A}.Debug|Any CPU.ActiveCfg = Debug|Any CPU
		{3C839E7C-9488-4351-8FB2-824B1AC5901A}.Debug|Any CPU.Build.0 = Debug|Any CPU
		{3C839E7C-9488-4351-8FB2-824B1AC5901A}.Release|Any CPU.ActiveCfg = Release|Any CPU
		{3C839E7C-9488-4351-8FB2-824B1AC5901A}.Release|Any CPU.Build.0 = Release|Any CPU
		{A8A472B2-0147-4755-B78E-2C13FD2FA3DC}.Debug|Any CPU.ActiveCfg = Debug|Any CPU
		{A8A472B2-0147-4755-B78E-2C13FD2FA3DC}.Debug|Any CPU.Build.0 = Debug|Any CPU
		{A8A472B2-0147-4755-B78E-2C13FD2FA3DC}.Release|Any CPU.ActiveCfg = Release|Any CPU
		{A8A472B2-0147-4755-B78E-2C13FD2FA3DC}.Release|Any CPU.Build.0 = Release|Any CPU
		{8EDAA26D-5D6D-4C0C-8140-581F237D1FD5}.Debug|Any CPU.ActiveCfg = Debug|Any CPU
		{8EDAA26D-5D6D-4C0C-8140-581F237D1FD5}.Debug|Any CPU.Build.0 = Debug|Any CPU
		{8EDAA26D-5D6D-4C0C-8140-581F237D1FD5}.Release|Any CPU.ActiveCfg = Release|Any CPU
		{8EDAA26D-5D6D-4C0C-8140-581F237D1FD5}.Release|Any CPU.Build.0 = Release|Any CPU
		{AB132D32-1A1E-4E0D-8DB2-267B9763DD5C}.Debug|Any CPU.ActiveCfg = Debug|Any CPU
		{AB132D32-1A1E-4E0D-8DB2-267B9763DD5C}.Debug|Any CPU.Build.0 = Debug|Any CPU
		{AB132D32-1A1E-4E0D-8DB2-267B9763DD5C}.Release|Any CPU.ActiveCfg = Release|Any CPU
		{AB132D32-1A1E-4E0D-8DB2-267B9763DD5C}.Release|Any CPU.Build.0 = Release|Any CPU
		{1CC003F6-42E2-4341-B5E7-3F199F13FC94}.Debug|Any CPU.ActiveCfg = Debug|Any CPU
		{1CC003F6-42E2-4341-B5E7-3F199F13FC94}.Debug|Any CPU.Build.0 = Debug|Any CPU
		{1CC003F6-42E2-4341-B5E7-3F199F13FC94}.Release|Any CPU.ActiveCfg = Release|Any CPU
		{1CC003F6-42E2-4341-B5E7-3F199F13FC94}.Release|Any CPU.Build.0 = Release|Any CPU
		{E959E990-220F-4680-B842-5F7894D42597}.Debug|Any CPU.ActiveCfg = Debug|Any CPU
		{E959E990-220F-4680-B842-5F7894D42597}.Debug|Any CPU.Build.0 = Debug|Any CPU
		{E959E990-220F-4680-B842-5F7894D42597}.Release|Any CPU.ActiveCfg = Release|Any CPU
		{E959E990-220F-4680-B842-5F7894D42597}.Release|Any CPU.Build.0 = Release|Any CPU
		{BD3C54BC-D163-4507-BD3D-37D1F1A1A193}.Debug|Any CPU.ActiveCfg = Debug|Any CPU
		{BD3C54BC-D163-4507-BD3D-37D1F1A1A193}.Debug|Any CPU.Build.0 = Debug|Any CPU
		{BD3C54BC-D163-4507-BD3D-37D1F1A1A193}.Release|Any CPU.ActiveCfg = Release|Any CPU
		{BD3C54BC-D163-4507-BD3D-37D1F1A1A193}.Release|Any CPU.Build.0 = Release|Any CPU
		{98C47134-8074-4DD4-A0E0-CC6E8697EAF2}.Debug|Any CPU.ActiveCfg = Debug|Any CPU
		{98C47134-8074-4DD4-A0E0-CC6E8697EAF2}.Debug|Any CPU.Build.0 = Debug|Any CPU
		{98C47134-8074-4DD4-A0E0-CC6E8697EAF2}.Release|Any CPU.ActiveCfg = Release|Any CPU
		{98C47134-8074-4DD4-A0E0-CC6E8697EAF2}.Release|Any CPU.Build.0 = Release|Any CPU
	EndGlobalSection
	GlobalSection(SolutionProperties) = preSolution
		HideSolutionNode = FALSE
	EndGlobalSection
	GlobalSection(NestedProjects) = preSolution
		{64177A83-2A49-42F0-8C5C-051AEB3DCECE} = {82936260-C074-48A1-BC10-6DFA4DA74FAC}
		{AB132D32-1A1E-4E0D-8DB2-267B9763DD5C} = {82936260-C074-48A1-BC10-6DFA4DA74FAC}
		{1CC003F6-42E2-4341-B5E7-3F199F13FC94} = {82936260-C074-48A1-BC10-6DFA4DA74FAC}
		{E959E990-220F-4680-B842-5F7894D42597} = {82936260-C074-48A1-BC10-6DFA4DA74FAC}
		{8AB8B119-3735-4A6A-8E42-FBE732CC5D4A} = {82936260-C074-48A1-BC10-6DFA4DA74FAC}
		{B8E5810B-209F-4C9A-8FA6-4E9E2D4A3703} = {E3559DF1-1C6C-4094-939A-906D67E86DE8}
		{3C839E7C-9488-4351-8FB2-824B1AC5901A} = {E3559DF1-1C6C-4094-939A-906D67E86DE8}
		{A8A472B2-0147-4755-B78E-2C13FD2FA3DC} = {E3559DF1-1C6C-4094-939A-906D67E86DE8}
		{BD3C54BC-D163-4507-BD3D-37D1F1A1A193} = {E3559DF1-1C6C-4094-939A-906D67E86DE8}
		{856E568D-E777-4514-A847-F870EC2E3E80} = {64177A83-2A49-42F0-8C5C-051AEB3DCECE}
		{BD60D0AA-42F1-43F1-97DD-D506022D9641} = {64177A83-2A49-42F0-8C5C-051AEB3DCECE}
		{8EDAA26D-5D6D-4C0C-8140-581F237D1FD5} = {CD4E0B12-7578-4B45-BF31-A613F6DCA145}
		{98C47134-8074-4DD4-A0E0-CC6E8697EAF2} = {8AB8B119-3735-4A6A-8E42-FBE732CC5D4A}
	EndGlobalSection
EndGlobal
